// !$*UTF8*$!
{
	archiveVersion = 1;
	classes = {
	};
	objectVersion = 56;
	objects = {

/* Begin PBXBuildFile section */
		B1A39D132B2238E30050A33E /* AppDelegate.swift in Sources */ = {isa = PBXBuildFile; fileRef = B1A39D122B2238E30050A33E /* AppDelegate.swift */; };
		B1A39D152B2238E30050A33E /* SceneDelegate.swift in Sources */ = {isa = PBXBuildFile; fileRef = B1A39D142B2238E30050A33E /* SceneDelegate.swift */; };
		B1A39D172B2238E30050A33E /* ViewController.swift in Sources */ = {isa = PBXBuildFile; fileRef = B1A39D162B2238E30050A33E /* ViewController.swift */; };
		B1A39D1A2B2238E30050A33E /* Main.storyboard in Resources */ = {isa = PBXBuildFile; fileRef = B1A39D182B2238E30050A33E /* Main.storyboard */; };
		B1A39D1C2B2238E80050A33E /* Assets.xcassets in Resources */ = {isa = PBXBuildFile; fileRef = B1A39D1B2B2238E80050A33E /* Assets.xcassets */; };
		B1A39D1F2B2238E80050A33E /* LaunchScreen.storyboard in Resources */ = {isa = PBXBuildFile; fileRef = B1A39D1D2B2238E80050A33E /* LaunchScreen.storyboard */; };
		B1A39D2A2B2238E90050A33E /* pico_adminTests.swift in Sources */ = {isa = PBXBuildFile; fileRef = B1A39D292B2238E90050A33E /* pico_adminTests.swift */; };
		B1A39D342B2238E90050A33E /* pico_adminUITests.swift in Sources */ = {isa = PBXBuildFile; fileRef = B1A39D332B2238E90050A33E /* pico_adminUITests.swift */; };
		B1A39D362B2238E90050A33E /* pico_adminUITestsLaunchTests.swift in Sources */ = {isa = PBXBuildFile; fileRef = B1A39D352B2238E90050A33E /* pico_adminUITestsLaunchTests.swift */; };
		B1A39D532B22398E0050A33E /* AdminReportViewModel.swift in Sources */ = {isa = PBXBuildFile; fileRef = B1A39D442B22398E0050A33E /* AdminReportViewModel.swift */; };
		B1A39D542B22398E0050A33E /* AdminUserDetailViewModel.swift in Sources */ = {isa = PBXBuildFile; fileRef = B1A39D452B22398E0050A33E /* AdminUserDetailViewModel.swift */; };
		B1A39D552B22398E0050A33E /* AdminUserViewModel.swift in Sources */ = {isa = PBXBuildFile; fileRef = B1A39D462B22398E0050A33E /* AdminUserViewModel.swift */; };
		B1A39D562B22398E0050A33E /* AdminViewController.swift in Sources */ = {isa = PBXBuildFile; fileRef = B1A39D472B22398E0050A33E /* AdminViewController.swift */; };
		B1A39D572B22398E0050A33E /* AdminUserViewController.swift in Sources */ = {isa = PBXBuildFile; fileRef = B1A39D482B22398E0050A33E /* AdminUserViewController.swift */; };
		B1A39D582B22398E0050A33E /* RecordEmptyTableViewCell.swift in Sources */ = {isa = PBXBuildFile; fileRef = B1A39D4A2B22398E0050A33E /* RecordEmptyTableViewCell.swift */; };
		B1A39D592B22398E0050A33E /* RecordHeaderCollectionViewCell.swift in Sources */ = {isa = PBXBuildFile; fileRef = B1A39D4B2B22398E0050A33E /* RecordHeaderCollectionViewCell.swift */; };
		B1A39D5A2B22398E0050A33E /* AdminUserTableViewCell.swift in Sources */ = {isa = PBXBuildFile; fileRef = B1A39D4C2B22398E0050A33E /* AdminUserTableViewCell.swift */; };
		B1A39D5B2B22398E0050A33E /* RecordHeaderTableViewCell.swift in Sources */ = {isa = PBXBuildFile; fileRef = B1A39D4D2B22398E0050A33E /* RecordHeaderTableViewCell.swift */; };
		B1A39D5C2B22398E0050A33E /* DetailUserImageTableViewCell.swift in Sources */ = {isa = PBXBuildFile; fileRef = B1A39D4E2B22398E0050A33E /* DetailUserImageTableViewCell.swift */; };
		B1A39D5D2B22398E0050A33E /* DetailUserInfoTableViewCell.swift in Sources */ = {isa = PBXBuildFile; fileRef = B1A39D4F2B22398E0050A33E /* DetailUserInfoTableViewCell.swift */; };
		B1A39D5E2B22398E0050A33E /* AdminReportViewController.swift in Sources */ = {isa = PBXBuildFile; fileRef = B1A39D502B22398E0050A33E /* AdminReportViewController.swift */; };
		B1A39D5F2B22398E0050A33E /* AdminBaseViewController.swift in Sources */ = {isa = PBXBuildFile; fileRef = B1A39D512B22398E0050A33E /* AdminBaseViewController.swift */; };
		B1A39D602B22398E0050A33E /* AdminUserDetailViewController.swift in Sources */ = {isa = PBXBuildFile; fileRef = B1A39D522B22398E0050A33E /* AdminUserDetailViewController.swift */; };
/* End PBXBuildFile section */

/* Begin PBXContainerItemProxy section */
		B1A39D262B2238E90050A33E /* PBXContainerItemProxy */ = {
			isa = PBXContainerItemProxy;
			containerPortal = B1A39D072B2238E30050A33E /* Project object */;
			proxyType = 1;
			remoteGlobalIDString = B1A39D0E2B2238E30050A33E;
			remoteInfo = pico.admin;
		};
		B1A39D302B2238E90050A33E /* PBXContainerItemProxy */ = {
			isa = PBXContainerItemProxy;
			containerPortal = B1A39D072B2238E30050A33E /* Project object */;
			proxyType = 1;
			remoteGlobalIDString = B1A39D0E2B2238E30050A33E;
			remoteInfo = pico.admin;
		};
/* End PBXContainerItemProxy section */

/* Begin PBXFileReference section */
		B1A39D0F2B2238E30050A33E /* pico.admin.app */ = {isa = PBXFileReference; explicitFileType = wrapper.application; includeInIndex = 0; path = pico.admin.app; sourceTree = BUILT_PRODUCTS_DIR; };
		B1A39D122B2238E30050A33E /* AppDelegate.swift */ = {isa = PBXFileReference; lastKnownFileType = sourcecode.swift; path = AppDelegate.swift; sourceTree = "<group>"; };
		B1A39D142B2238E30050A33E /* SceneDelegate.swift */ = {isa = PBXFileReference; lastKnownFileType = sourcecode.swift; path = SceneDelegate.swift; sourceTree = "<group>"; };
		B1A39D162B2238E30050A33E /* ViewController.swift */ = {isa = PBXFileReference; lastKnownFileType = sourcecode.swift; path = ViewController.swift; sourceTree = "<group>"; };
		B1A39D192B2238E30050A33E /* Base */ = {isa = PBXFileReference; lastKnownFileType = file.storyboard; name = Base; path = Base.lproj/Main.storyboard; sourceTree = "<group>"; };
		B1A39D1B2B2238E80050A33E /* Assets.xcassets */ = {isa = PBXFileReference; lastKnownFileType = folder.assetcatalog; path = Assets.xcassets; sourceTree = "<group>"; };
		B1A39D1E2B2238E80050A33E /* Base */ = {isa = PBXFileReference; lastKnownFileType = file.storyboard; name = Base; path = Base.lproj/LaunchScreen.storyboard; sourceTree = "<group>"; };
		B1A39D202B2238E80050A33E /* Info.plist */ = {isa = PBXFileReference; lastKnownFileType = text.plist.xml; path = Info.plist; sourceTree = "<group>"; };
		B1A39D252B2238E90050A33E /* pico.adminTests.xctest */ = {isa = PBXFileReference; explicitFileType = wrapper.cfbundle; includeInIndex = 0; path = pico.adminTests.xctest; sourceTree = BUILT_PRODUCTS_DIR; };
		B1A39D292B2238E90050A33E /* pico_adminTests.swift */ = {isa = PBXFileReference; lastKnownFileType = sourcecode.swift; path = pico_adminTests.swift; sourceTree = "<group>"; };
		B1A39D2F2B2238E90050A33E /* pico.adminUITests.xctest */ = {isa = PBXFileReference; explicitFileType = wrapper.cfbundle; includeInIndex = 0; path = pico.adminUITests.xctest; sourceTree = BUILT_PRODUCTS_DIR; };
		B1A39D332B2238E90050A33E /* pico_adminUITests.swift */ = {isa = PBXFileReference; lastKnownFileType = sourcecode.swift; path = pico_adminUITests.swift; sourceTree = "<group>"; };
		B1A39D352B2238E90050A33E /* pico_adminUITestsLaunchTests.swift */ = {isa = PBXFileReference; lastKnownFileType = sourcecode.swift; path = pico_adminUITestsLaunchTests.swift; sourceTree = "<group>"; };
		B1A39D442B22398E0050A33E /* AdminReportViewModel.swift */ = {isa = PBXFileReference; fileEncoding = 4; lastKnownFileType = sourcecode.swift; path = AdminReportViewModel.swift; sourceTree = "<group>"; };
		B1A39D452B22398E0050A33E /* AdminUserDetailViewModel.swift */ = {isa = PBXFileReference; fileEncoding = 4; lastKnownFileType = sourcecode.swift; path = AdminUserDetailViewModel.swift; sourceTree = "<group>"; };
		B1A39D462B22398E0050A33E /* AdminUserViewModel.swift */ = {isa = PBXFileReference; fileEncoding = 4; lastKnownFileType = sourcecode.swift; path = AdminUserViewModel.swift; sourceTree = "<group>"; };
		B1A39D472B22398E0050A33E /* AdminViewController.swift */ = {isa = PBXFileReference; fileEncoding = 4; lastKnownFileType = sourcecode.swift; path = AdminViewController.swift; sourceTree = "<group>"; };
		B1A39D482B22398E0050A33E /* AdminUserViewController.swift */ = {isa = PBXFileReference; fileEncoding = 4; lastKnownFileType = sourcecode.swift; path = AdminUserViewController.swift; sourceTree = "<group>"; };
		B1A39D4A2B22398E0050A33E /* RecordEmptyTableViewCell.swift */ = {isa = PBXFileReference; fileEncoding = 4; lastKnownFileType = sourcecode.swift; path = RecordEmptyTableViewCell.swift; sourceTree = "<group>"; };
		B1A39D4B2B22398E0050A33E /* RecordHeaderCollectionViewCell.swift */ = {isa = PBXFileReference; fileEncoding = 4; lastKnownFileType = sourcecode.swift; path = RecordHeaderCollectionViewCell.swift; sourceTree = "<group>"; };
		B1A39D4C2B22398E0050A33E /* AdminUserTableViewCell.swift */ = {isa = PBXFileReference; fileEncoding = 4; lastKnownFileType = sourcecode.swift; path = AdminUserTableViewCell.swift; sourceTree = "<group>"; };
		B1A39D4D2B22398E0050A33E /* RecordHeaderTableViewCell.swift */ = {isa = PBXFileReference; fileEncoding = 4; lastKnownFileType = sourcecode.swift; path = RecordHeaderTableViewCell.swift; sourceTree = "<group>"; };
		B1A39D4E2B22398E0050A33E /* DetailUserImageTableViewCell.swift */ = {isa = PBXFileReference; fileEncoding = 4; lastKnownFileType = sourcecode.swift; path = DetailUserImageTableViewCell.swift; sourceTree = "<group>"; };
		B1A39D4F2B22398E0050A33E /* DetailUserInfoTableViewCell.swift */ = {isa = PBXFileReference; fileEncoding = 4; lastKnownFileType = sourcecode.swift; path = DetailUserInfoTableViewCell.swift; sourceTree = "<group>"; };
		B1A39D502B22398E0050A33E /* AdminReportViewController.swift */ = {isa = PBXFileReference; fileEncoding = 4; lastKnownFileType = sourcecode.swift; path = AdminReportViewController.swift; sourceTree = "<group>"; };
		B1A39D512B22398E0050A33E /* AdminBaseViewController.swift */ = {isa = PBXFileReference; fileEncoding = 4; lastKnownFileType = sourcecode.swift; path = AdminBaseViewController.swift; sourceTree = "<group>"; };
		B1A39D522B22398E0050A33E /* AdminUserDetailViewController.swift */ = {isa = PBXFileReference; fileEncoding = 4; lastKnownFileType = sourcecode.swift; path = AdminUserDetailViewController.swift; sourceTree = "<group>"; };
/* End PBXFileReference section */

/* Begin PBXFrameworksBuildPhase section */
		B1A39D0C2B2238E30050A33E /* Frameworks */ = {
			isa = PBXFrameworksBuildPhase;
			buildActionMask = 2147483647;
			files = (
			);
			runOnlyForDeploymentPostprocessing = 0;
		};
		B1A39D222B2238E90050A33E /* Frameworks */ = {
			isa = PBXFrameworksBuildPhase;
			buildActionMask = 2147483647;
			files = (
			);
			runOnlyForDeploymentPostprocessing = 0;
		};
		B1A39D2C2B2238E90050A33E /* Frameworks */ = {
			isa = PBXFrameworksBuildPhase;
			buildActionMask = 2147483647;
			files = (
			);
			runOnlyForDeploymentPostprocessing = 0;
		};
/* End PBXFrameworksBuildPhase section */

/* Begin PBXGroup section */
		B1A39D062B2238E30050A33E = {
			isa = PBXGroup;
			children = (
				B1A39D112B2238E30050A33E /* pico.admin */,
				B1A39D282B2238E90050A33E /* pico.adminTests */,
				B1A39D322B2238E90050A33E /* pico.adminUITests */,
				B1A39D102B2238E30050A33E /* Products */,
			);
			sourceTree = "<group>";
		};
		B1A39D102B2238E30050A33E /* Products */ = {
			isa = PBXGroup;
			children = (
				B1A39D0F2B2238E30050A33E /* pico.admin.app */,
				B1A39D252B2238E90050A33E /* pico.adminTests.xctest */,
				B1A39D2F2B2238E90050A33E /* pico.adminUITests.xctest */,
			);
			name = Products;
			sourceTree = "<group>";
		};
		B1A39D112B2238E30050A33E /* pico.admin */ = {
			isa = PBXGroup;
			children = (
				B1A39D122B2238E30050A33E /* AppDelegate.swift */,
				B1A39D142B2238E30050A33E /* SceneDelegate.swift */,
				B1A39D162B2238E30050A33E /* ViewController.swift */,
				B1A39D182B2238E30050A33E /* Main.storyboard */,
				B1A39D1B2B2238E80050A33E /* Assets.xcassets */,
				B1A39D1D2B2238E80050A33E /* LaunchScreen.storyboard */,
				B1A39D202B2238E80050A33E /* Info.plist */,
				B1A39D422B22398E0050A33E /* Admin */,
			);
			path = pico.admin;
			sourceTree = "<group>";
		};
		B1A39D282B2238E90050A33E /* pico.adminTests */ = {
			isa = PBXGroup;
			children = (
				B1A39D292B2238E90050A33E /* pico_adminTests.swift */,
			);
			path = pico.adminTests;
			sourceTree = "<group>";
		};
		B1A39D322B2238E90050A33E /* pico.adminUITests */ = {
			isa = PBXGroup;
			children = (
				B1A39D332B2238E90050A33E /* pico_adminUITests.swift */,
				B1A39D352B2238E90050A33E /* pico_adminUITestsLaunchTests.swift */,
			);
			path = pico.adminUITests;
			sourceTree = "<group>";
		};
		B1A39D422B22398E0050A33E /* Admin */ = {
			isa = PBXGroup;
			children = (
				B1A39D432B22398E0050A33E /* ViewModel */,
				B1A39D472B22398E0050A33E /* AdminViewController.swift */,
				B1A39D482B22398E0050A33E /* AdminUserViewController.swift */,
				B1A39D492B22398E0050A33E /* Cell */,
				B1A39D502B22398E0050A33E /* AdminReportViewController.swift */,
				B1A39D512B22398E0050A33E /* AdminBaseViewController.swift */,
				B1A39D522B22398E0050A33E /* AdminUserDetailViewController.swift */,
			);
			path = Admin;
			sourceTree = "<group>";
		};
		B1A39D432B22398E0050A33E /* ViewModel */ = {
			isa = PBXGroup;
			children = (
				B1A39D442B22398E0050A33E /* AdminReportViewModel.swift */,
				B1A39D452B22398E0050A33E /* AdminUserDetailViewModel.swift */,
				B1A39D462B22398E0050A33E /* AdminUserViewModel.swift */,
			);
			path = ViewModel;
			sourceTree = "<group>";
		};
		B1A39D492B22398E0050A33E /* Cell */ = {
			isa = PBXGroup;
			children = (
				B1A39D4A2B22398E0050A33E /* RecordEmptyTableViewCell.swift */,
				B1A39D4B2B22398E0050A33E /* RecordHeaderCollectionViewCell.swift */,
				B1A39D4C2B22398E0050A33E /* AdminUserTableViewCell.swift */,
				B1A39D4D2B22398E0050A33E /* RecordHeaderTableViewCell.swift */,
				B1A39D4E2B22398E0050A33E /* DetailUserImageTableViewCell.swift */,
				B1A39D4F2B22398E0050A33E /* DetailUserInfoTableViewCell.swift */,
			);
			path = Cell;
			sourceTree = "<group>";
		};
/* End PBXGroup section */

/* Begin PBXNativeTarget section */
		B1A39D0E2B2238E30050A33E /* pico.admin */ = {
			isa = PBXNativeTarget;
			buildConfigurationList = B1A39D392B2238E90050A33E /* Build configuration list for PBXNativeTarget "pico.admin" */;
			buildPhases = (
				B1A39D0B2B2238E30050A33E /* Sources */,
				B1A39D0C2B2238E30050A33E /* Frameworks */,
				B1A39D0D2B2238E30050A33E /* Resources */,
			);
			buildRules = (
			);
			dependencies = (
			);
			name = pico.admin;
			productName = pico.admin;
			productReference = B1A39D0F2B2238E30050A33E /* pico.admin.app */;
			productType = "com.apple.product-type.application";
		};
		B1A39D242B2238E90050A33E /* pico.adminTests */ = {
			isa = PBXNativeTarget;
			buildConfigurationList = B1A39D3C2B2238E90050A33E /* Build configuration list for PBXNativeTarget "pico.adminTests" */;
			buildPhases = (
				B1A39D212B2238E90050A33E /* Sources */,
				B1A39D222B2238E90050A33E /* Frameworks */,
				B1A39D232B2238E90050A33E /* Resources */,
			);
			buildRules = (
			);
			dependencies = (
				B1A39D272B2238E90050A33E /* PBXTargetDependency */,
			);
			name = pico.adminTests;
			productName = pico.adminTests;
			productReference = B1A39D252B2238E90050A33E /* pico.adminTests.xctest */;
			productType = "com.apple.product-type.bundle.unit-test";
		};
		B1A39D2E2B2238E90050A33E /* pico.adminUITests */ = {
			isa = PBXNativeTarget;
			buildConfigurationList = B1A39D3F2B2238E90050A33E /* Build configuration list for PBXNativeTarget "pico.adminUITests" */;
			buildPhases = (
				B1A39D2B2B2238E90050A33E /* Sources */,
				B1A39D2C2B2238E90050A33E /* Frameworks */,
				B1A39D2D2B2238E90050A33E /* Resources */,
			);
			buildRules = (
			);
			dependencies = (
				B1A39D312B2238E90050A33E /* PBXTargetDependency */,
			);
			name = pico.adminUITests;
			productName = pico.adminUITests;
			productReference = B1A39D2F2B2238E90050A33E /* pico.adminUITests.xctest */;
			productType = "com.apple.product-type.bundle.ui-testing";
		};
/* End PBXNativeTarget section */

/* Begin PBXProject section */
		B1A39D072B2238E30050A33E /* Project object */ = {
			isa = PBXProject;
			attributes = {
				BuildIndependentTargetsInParallel = 1;
				LastSwiftUpdateCheck = 1500;
				LastUpgradeCheck = 1500;
				TargetAttributes = {
					B1A39D0E2B2238E30050A33E = {
						CreatedOnToolsVersion = 15.0.1;
					};
					B1A39D242B2238E90050A33E = {
						CreatedOnToolsVersion = 15.0.1;
						TestTargetID = B1A39D0E2B2238E30050A33E;
					};
					B1A39D2E2B2238E90050A33E = {
						CreatedOnToolsVersion = 15.0.1;
						TestTargetID = B1A39D0E2B2238E30050A33E;
					};
				};
			};
			buildConfigurationList = B1A39D0A2B2238E30050A33E /* Build configuration list for PBXProject "pico.admin" */;
			compatibilityVersion = "Xcode 14.0";
			developmentRegion = en;
			hasScannedForEncodings = 0;
			knownRegions = (
				en,
				Base,
			);
			mainGroup = B1A39D062B2238E30050A33E;
			productRefGroup = B1A39D102B2238E30050A33E /* Products */;
			projectDirPath = "";
			projectRoot = "";
			targets = (
				B1A39D0E2B2238E30050A33E /* pico.admin */,
				B1A39D242B2238E90050A33E /* pico.adminTests */,
				B1A39D2E2B2238E90050A33E /* pico.adminUITests */,
			);
		};
/* End PBXProject section */

/* Begin PBXResourcesBuildPhase section */
		B1A39D0D2B2238E30050A33E /* Resources */ = {
			isa = PBXResourcesBuildPhase;
			buildActionMask = 2147483647;
			files = (
				B1A39D1F2B2238E80050A33E /* LaunchScreen.storyboard in Resources */,
				B1A39D1C2B2238E80050A33E /* Assets.xcassets in Resources */,
				B1A39D1A2B2238E30050A33E /* Main.storyboard in Resources */,
			);
			runOnlyForDeploymentPostprocessing = 0;
		};
		B1A39D232B2238E90050A33E /* Resources */ = {
			isa = PBXResourcesBuildPhase;
			buildActionMask = 2147483647;
			files = (
			);
			runOnlyForDeploymentPostprocessing = 0;
		};
		B1A39D2D2B2238E90050A33E /* Resources */ = {
			isa = PBXResourcesBuildPhase;
			buildActionMask = 2147483647;
			files = (
			);
			runOnlyForDeploymentPostprocessing = 0;
		};
/* End PBXResourcesBuildPhase section */

/* Begin PBXSourcesBuildPhase section */
		B1A39D0B2B2238E30050A33E /* Sources */ = {
			isa = PBXSourcesBuildPhase;
			buildActionMask = 2147483647;
			files = (
				B1A39D542B22398E0050A33E /* AdminUserDetailViewModel.swift in Sources */,
				B1A39D5C2B22398E0050A33E /* DetailUserImageTableViewCell.swift in Sources */,
				B1A39D5E2B22398E0050A33E /* AdminReportViewController.swift in Sources */,
				B1A39D172B2238E30050A33E /* ViewController.swift in Sources */,
				B1A39D592B22398E0050A33E /* RecordHeaderCollectionViewCell.swift in Sources */,
				B1A39D132B2238E30050A33E /* AppDelegate.swift in Sources */,
				B1A39D552B22398E0050A33E /* AdminUserViewModel.swift in Sources */,
				B1A39D562B22398E0050A33E /* AdminViewController.swift in Sources */,
				B1A39D5A2B22398E0050A33E /* AdminUserTableViewCell.swift in Sources */,
				B1A39D532B22398E0050A33E /* AdminReportViewModel.swift in Sources */,
				B1A39D602B22398E0050A33E /* AdminUserDetailViewController.swift in Sources */,
				B1A39D152B2238E30050A33E /* SceneDelegate.swift in Sources */,
				B1A39D5F2B22398E0050A33E /* AdminBaseViewController.swift in Sources */,
				B1A39D5B2B22398E0050A33E /* RecordHeaderTableViewCell.swift in Sources */,
				B1A39D572B22398E0050A33E /* AdminUserViewController.swift in Sources */,
				B1A39D582B22398E0050A33E /* RecordEmptyTableViewCell.swift in Sources */,
				B1A39D5D2B22398E0050A33E /* DetailUserInfoTableViewCell.swift in Sources */,
			);
			runOnlyForDeploymentPostprocessing = 0;
		};
		B1A39D212B2238E90050A33E /* Sources */ = {
			isa = PBXSourcesBuildPhase;
			buildActionMask = 2147483647;
			files = (
				B1A39D2A2B2238E90050A33E /* pico_adminTests.swift in Sources */,
			);
			runOnlyForDeploymentPostprocessing = 0;
		};
		B1A39D2B2B2238E90050A33E /* Sources */ = {
			isa = PBXSourcesBuildPhase;
			buildActionMask = 2147483647;
			files = (
				B1A39D342B2238E90050A33E /* pico_adminUITests.swift in Sources */,
				B1A39D362B2238E90050A33E /* pico_adminUITestsLaunchTests.swift in Sources */,
			);
			runOnlyForDeploymentPostprocessing = 0;
		};
/* End PBXSourcesBuildPhase section */

/* Begin PBXTargetDependency section */
		B1A39D272B2238E90050A33E /* PBXTargetDependency */ = {
			isa = PBXTargetDependency;
			target = B1A39D0E2B2238E30050A33E /* pico.admin */;
			targetProxy = B1A39D262B2238E90050A33E /* PBXContainerItemProxy */;
		};
		B1A39D312B2238E90050A33E /* PBXTargetDependency */ = {
			isa = PBXTargetDependency;
			target = B1A39D0E2B2238E30050A33E /* pico.admin */;
			targetProxy = B1A39D302B2238E90050A33E /* PBXContainerItemProxy */;
		};
/* End PBXTargetDependency section */

/* Begin PBXVariantGroup section */
		B1A39D182B2238E30050A33E /* Main.storyboard */ = {
			isa = PBXVariantGroup;
			children = (
				B1A39D192B2238E30050A33E /* Base */,
			);
			name = Main.storyboard;
			sourceTree = "<group>";
		};
		B1A39D1D2B2238E80050A33E /* LaunchScreen.storyboard */ = {
			isa = PBXVariantGroup;
			children = (
				B1A39D1E2B2238E80050A33E /* Base */,
			);
			name = LaunchScreen.storyboard;
			sourceTree = "<group>";
		};
/* End PBXVariantGroup section */

/* Begin XCBuildConfiguration section */
		B1A39D372B2238E90050A33E /* Debug */ = {
			isa = XCBuildConfiguration;
			buildSettings = {
				ALWAYS_SEARCH_USER_PATHS = NO;
				ASSETCATALOG_COMPILER_GENERATE_SWIFT_ASSET_SYMBOL_EXTENSIONS = YES;
				CLANG_ANALYZER_NONNULL = YES;
				CLANG_ANALYZER_NUMBER_OBJECT_CONVERSION = YES_AGGRESSIVE;
				CLANG_CXX_LANGUAGE_STANDARD = "gnu++20";
				CLANG_ENABLE_MODULES = YES;
				CLANG_ENABLE_OBJC_ARC = YES;
				CLANG_ENABLE_OBJC_WEAK = YES;
				CLANG_WARN_BLOCK_CAPTURE_AUTORELEASING = YES;
				CLANG_WARN_BOOL_CONVERSION = YES;
				CLANG_WARN_COMMA = YES;
				CLANG_WARN_CONSTANT_CONVERSION = YES;
				CLANG_WARN_DEPRECATED_OBJC_IMPLEMENTATIONS = YES;
				CLANG_WARN_DIRECT_OBJC_ISA_USAGE = YES_ERROR;
				CLANG_WARN_DOCUMENTATION_COMMENTS = YES;
				CLANG_WARN_EMPTY_BODY = YES;
				CLANG_WARN_ENUM_CONVERSION = YES;
				CLANG_WARN_INFINITE_RECURSION = YES;
				CLANG_WARN_INT_CONVERSION = YES;
				CLANG_WARN_NON_LITERAL_NULL_CONVERSION = YES;
				CLANG_WARN_OBJC_IMPLICIT_RETAIN_SELF = YES;
				CLANG_WARN_OBJC_LITERAL_CONVERSION = YES;
				CLANG_WARN_OBJC_ROOT_CLASS = YES_ERROR;
				CLANG_WARN_QUOTED_INCLUDE_IN_FRAMEWORK_HEADER = YES;
				CLANG_WARN_RANGE_LOOP_ANALYSIS = YES;
				CLANG_WARN_STRICT_PROTOTYPES = YES;
				CLANG_WARN_SUSPICIOUS_MOVE = YES;
				CLANG_WARN_UNGUARDED_AVAILABILITY = YES_AGGRESSIVE;
				CLANG_WARN_UNREACHABLE_CODE = YES;
				CLANG_WARN__DUPLICATE_METHOD_MATCH = YES;
				COPY_PHASE_STRIP = NO;
				DEBUG_INFORMATION_FORMAT = dwarf;
				ENABLE_STRICT_OBJC_MSGSEND = YES;
				ENABLE_TESTABILITY = YES;
				ENABLE_USER_SCRIPT_SANDBOXING = YES;
				GCC_C_LANGUAGE_STANDARD = gnu17;
				GCC_DYNAMIC_NO_PIC = NO;
				GCC_NO_COMMON_BLOCKS = YES;
				GCC_OPTIMIZATION_LEVEL = 0;
				GCC_PREPROCESSOR_DEFINITIONS = (
					"DEBUG=1",
					"$(inherited)",
				);
				GCC_WARN_64_TO_32_BIT_CONVERSION = YES;
				GCC_WARN_ABOUT_RETURN_TYPE = YES_ERROR;
				GCC_WARN_UNDECLARED_SELECTOR = YES;
				GCC_WARN_UNINITIALIZED_AUTOS = YES_AGGRESSIVE;
				GCC_WARN_UNUSED_FUNCTION = YES;
				GCC_WARN_UNUSED_VARIABLE = YES;
				IPHONEOS_DEPLOYMENT_TARGET = 15.0;
				LOCALIZATION_PREFERS_STRING_CATALOGS = YES;
				MTL_ENABLE_DEBUG_INFO = INCLUDE_SOURCE;
				MTL_FAST_MATH = YES;
				ONLY_ACTIVE_ARCH = YES;
				SDKROOT = iphoneos;
				SWIFT_ACTIVE_COMPILATION_CONDITIONS = "DEBUG $(inherited)";
				SWIFT_OPTIMIZATION_LEVEL = "-Onone";
			};
			name = Debug;
		};
		B1A39D382B2238E90050A33E /* Release */ = {
			isa = XCBuildConfiguration;
			buildSettings = {
				ALWAYS_SEARCH_USER_PATHS = NO;
				ASSETCATALOG_COMPILER_GENERATE_SWIFT_ASSET_SYMBOL_EXTENSIONS = YES;
				CLANG_ANALYZER_NONNULL = YES;
				CLANG_ANALYZER_NUMBER_OBJECT_CONVERSION = YES_AGGRESSIVE;
				CLANG_CXX_LANGUAGE_STANDARD = "gnu++20";
				CLANG_ENABLE_MODULES = YES;
				CLANG_ENABLE_OBJC_ARC = YES;
				CLANG_ENABLE_OBJC_WEAK = YES;
				CLANG_WARN_BLOCK_CAPTURE_AUTORELEASING = YES;
				CLANG_WARN_BOOL_CONVERSION = YES;
				CLANG_WARN_COMMA = YES;
				CLANG_WARN_CONSTANT_CONVERSION = YES;
				CLANG_WARN_DEPRECATED_OBJC_IMPLEMENTATIONS = YES;
				CLANG_WARN_DIRECT_OBJC_ISA_USAGE = YES_ERROR;
				CLANG_WARN_DOCUMENTATION_COMMENTS = YES;
				CLANG_WARN_EMPTY_BODY = YES;
				CLANG_WARN_ENUM_CONVERSION = YES;
				CLANG_WARN_INFINITE_RECURSION = YES;
				CLANG_WARN_INT_CONVERSION = YES;
				CLANG_WARN_NON_LITERAL_NULL_CONVERSION = YES;
				CLANG_WARN_OBJC_IMPLICIT_RETAIN_SELF = YES;
				CLANG_WARN_OBJC_LITERAL_CONVERSION = YES;
				CLANG_WARN_OBJC_ROOT_CLASS = YES_ERROR;
				CLANG_WARN_QUOTED_INCLUDE_IN_FRAMEWORK_HEADER = YES;
				CLANG_WARN_RANGE_LOOP_ANALYSIS = YES;
				CLANG_WARN_STRICT_PROTOTYPES = YES;
				CLANG_WARN_SUSPICIOUS_MOVE = YES;
				CLANG_WARN_UNGUARDED_AVAILABILITY = YES_AGGRESSIVE;
				CLANG_WARN_UNREACHABLE_CODE = YES;
				CLANG_WARN__DUPLICATE_METHOD_MATCH = YES;
				COPY_PHASE_STRIP = NO;
				DEBUG_INFORMATION_FORMAT = "dwarf-with-dsym";
				ENABLE_NS_ASSERTIONS = NO;
				ENABLE_STRICT_OBJC_MSGSEND = YES;
				ENABLE_USER_SCRIPT_SANDBOXING = YES;
				GCC_C_LANGUAGE_STANDARD = gnu17;
				GCC_NO_COMMON_BLOCKS = YES;
				GCC_WARN_64_TO_32_BIT_CONVERSION = YES;
				GCC_WARN_ABOUT_RETURN_TYPE = YES_ERROR;
				GCC_WARN_UNDECLARED_SELECTOR = YES;
				GCC_WARN_UNINITIALIZED_AUTOS = YES_AGGRESSIVE;
				GCC_WARN_UNUSED_FUNCTION = YES;
				GCC_WARN_UNUSED_VARIABLE = YES;
				IPHONEOS_DEPLOYMENT_TARGET = 15.0;
				LOCALIZATION_PREFERS_STRING_CATALOGS = YES;
				MTL_ENABLE_DEBUG_INFO = NO;
				MTL_FAST_MATH = YES;
				SDKROOT = iphoneos;
				SWIFT_COMPILATION_MODE = wholemodule;
				VALIDATE_PRODUCT = YES;
			};
			name = Release;
		};
		B1A39D3A2B2238E90050A33E /* Debug */ = {
			isa = XCBuildConfiguration;
			buildSettings = {
				ASSETCATALOG_COMPILER_APPICON_NAME = AppIcon;
				ASSETCATALOG_COMPILER_GLOBAL_ACCENT_COLOR_NAME = AccentColor;
				CODE_SIGN_STYLE = Automatic;
				CURRENT_PROJECT_VERSION = 1;
				DEVELOPMENT_TEAM = C39BYRTABZ;
				GENERATE_INFOPLIST_FILE = YES;
				INFOPLIST_FILE = pico.admin/Info.plist;
				INFOPLIST_KEY_UIApplicationSupportsIndirectInputEvents = YES;
				INFOPLIST_KEY_UILaunchStoryboardName = LaunchScreen;
				INFOPLIST_KEY_UIMainStoryboardFile = Main;
				INFOPLIST_KEY_UISupportedInterfaceOrientations_iPad = "UIInterfaceOrientationPortrait UIInterfaceOrientationPortraitUpsideDown UIInterfaceOrientationLandscapeLeft UIInterfaceOrientationLandscapeRight";
				INFOPLIST_KEY_UISupportedInterfaceOrientations_iPhone = "UIInterfaceOrientationPortrait UIInterfaceOrientationLandscapeLeft UIInterfaceOrientationLandscapeRight";
				IPHONEOS_DEPLOYMENT_TARGET = 15.0;
				LD_RUNPATH_SEARCH_PATHS = (
					"$(inherited)",
					"@executable_path/Frameworks",
				);
				MARKETING_VERSION = 1.0;
				PRODUCT_BUNDLE_IDENTIFIER = com.hanle.pico.admin;
				PRODUCT_NAME = "$(TARGET_NAME)";
				SWIFT_EMIT_LOC_STRINGS = YES;
				SWIFT_VERSION = 5.0;
				TARGETED_DEVICE_FAMILY = "1,2";
			};
			name = Debug;
		};
		B1A39D3B2B2238E90050A33E /* Release */ = {
			isa = XCBuildConfiguration;
			buildSettings = {
				ASSETCATALOG_COMPILER_APPICON_NAME = AppIcon;
				ASSETCATALOG_COMPILER_GLOBAL_ACCENT_COLOR_NAME = AccentColor;
				CODE_SIGN_STYLE = Automatic;
				CURRENT_PROJECT_VERSION = 1;
				DEVELOPMENT_TEAM = C39BYRTABZ;
				GENERATE_INFOPLIST_FILE = YES;
				INFOPLIST_FILE = pico.admin/Info.plist;
				INFOPLIST_KEY_UIApplicationSupportsIndirectInputEvents = YES;
				INFOPLIST_KEY_UILaunchStoryboardName = LaunchScreen;
				INFOPLIST_KEY_UIMainStoryboardFile = Main;
				INFOPLIST_KEY_UISupportedInterfaceOrientations_iPad = "UIInterfaceOrientationPortrait UIInterfaceOrientationPortraitUpsideDown UIInterfaceOrientationLandscapeLeft UIInterfaceOrientationLandscapeRight";
				INFOPLIST_KEY_UISupportedInterfaceOrientations_iPhone = "UIInterfaceOrientationPortrait UIInterfaceOrientationLandscapeLeft UIInterfaceOrientationLandscapeRight";
				IPHONEOS_DEPLOYMENT_TARGET = 15.0;
				LD_RUNPATH_SEARCH_PATHS = (
					"$(inherited)",
					"@executable_path/Frameworks",
				);
				MARKETING_VERSION = 1.0;
				PRODUCT_BUNDLE_IDENTIFIER = com.hanle.pico.admin;
				PRODUCT_NAME = "$(TARGET_NAME)";
				SWIFT_EMIT_LOC_STRINGS = YES;
				SWIFT_VERSION = 5.0;
				TARGETED_DEVICE_FAMILY = "1,2";
			};
			name = Release;
		};
		B1A39D3D2B2238E90050A33E /* Debug */ = {
			isa = XCBuildConfiguration;
			buildSettings = {
				ALWAYS_EMBED_SWIFT_STANDARD_LIBRARIES = YES;
				BUNDLE_LOADER = "$(TEST_HOST)";
				CODE_SIGN_STYLE = Automatic;
				CURRENT_PROJECT_VERSION = 1;
				DEVELOPMENT_TEAM = C39BYRTABZ;
				GENERATE_INFOPLIST_FILE = YES;
				IPHONEOS_DEPLOYMENT_TARGET = 17.0;
				MARKETING_VERSION = 1.0;
				PRODUCT_BUNDLE_IDENTIFIER = "com.hanle.pico-adminTests";
				PRODUCT_NAME = "$(TARGET_NAME)";
				SWIFT_EMIT_LOC_STRINGS = NO;
				SWIFT_VERSION = 5.0;
				TARGETED_DEVICE_FAMILY = "1,2";
				TEST_HOST = "$(BUILT_PRODUCTS_DIR)/pico.admin.app/$(BUNDLE_EXECUTABLE_FOLDER_PATH)/pico.admin";
			};
			name = Debug;
		};
		B1A39D3E2B2238E90050A33E /* Release */ = {
			isa = XCBuildConfiguration;
			buildSettings = {
				ALWAYS_EMBED_SWIFT_STANDARD_LIBRARIES = YES;
				BUNDLE_LOADER = "$(TEST_HOST)";
				CODE_SIGN_STYLE = Automatic;
				CURRENT_PROJECT_VERSION = 1;
				DEVELOPMENT_TEAM = C39BYRTABZ;
				GENERATE_INFOPLIST_FILE = YES;
				IPHONEOS_DEPLOYMENT_TARGET = 17.0;
				MARKETING_VERSION = 1.0;
				PRODUCT_BUNDLE_IDENTIFIER = "com.hanle.pico-adminTests";
				PRODUCT_NAME = "$(TARGET_NAME)";
				SWIFT_EMIT_LOC_STRINGS = NO;
				SWIFT_VERSION = 5.0;
				TARGETED_DEVICE_FAMILY = "1,2";
				TEST_HOST = "$(BUILT_PRODUCTS_DIR)/pico.admin.app/$(BUNDLE_EXECUTABLE_FOLDER_PATH)/pico.admin";
			};
			name = Release;
		};
		B1A39D402B2238E90050A33E /* Debug */ = {
			isa = XCBuildConfiguration;
			buildSettings = {
				ALWAYS_EMBED_SWIFT_STANDARD_LIBRARIES = YES;
				CODE_SIGN_STYLE = Automatic;
				CURRENT_PROJECT_VERSION = 1;
				DEVELOPMENT_TEAM = C39BYRTABZ;
				GENERATE_INFOPLIST_FILE = YES;
				MARKETING_VERSION = 1.0;
				PRODUCT_BUNDLE_IDENTIFIER = "com.hanle.pico-adminUITests";
				PRODUCT_NAME = "$(TARGET_NAME)";
				SWIFT_EMIT_LOC_STRINGS = NO;
				SWIFT_VERSION = 5.0;
				TARGETED_DEVICE_FAMILY = "1,2";
				TEST_TARGET_NAME = pico.admin;
			};
			name = Debug;
		};
		B1A39D412B2238E90050A33E /* Release */ = {
			isa = XCBuildConfiguration;
			buildSettings = {
				ALWAYS_EMBED_SWIFT_STANDARD_LIBRARIES = YES;
				CODE_SIGN_STYLE = Automatic;
				CURRENT_PROJECT_VERSION = 1;
				DEVELOPMENT_TEAM = C39BYRTABZ;
				GENERATE_INFOPLIST_FILE = YES;
				MARKETING_VERSION = 1.0;
				PRODUCT_BUNDLE_IDENTIFIER = "com.hanle.pico-adminUITests";
				PRODUCT_NAME = "$(TARGET_NAME)";
				SWIFT_EMIT_LOC_STRINGS = NO;
				SWIFT_VERSION = 5.0;
				TARGETED_DEVICE_FAMILY = "1,2";
				TEST_TARGET_NAME = pico.admin;
			};
			name = Release;
		};
/* End XCBuildConfiguration section */

/* Begin XCConfigurationList section */
		B1A39D0A2B2238E30050A33E /* Build configuration list for PBXProject "pico.admin" */ = {
			isa = XCConfigurationList;
			buildConfigurations = (
				B1A39D372B2238E90050A33E /* Debug */,
				B1A39D382B2238E90050A33E /* Release */,
			);
			defaultConfigurationIsVisible = 0;
			defaultConfigurationName = Release;
		};
		B1A39D392B2238E90050A33E /* Build configuration list for PBXNativeTarget "pico.admin" */ = {
			isa = XCConfigurationList;
			buildConfigurations = (
				B1A39D3A2B2238E90050A33E /* Debug */,
				B1A39D3B2B2238E90050A33E /* Release */,
			);
			defaultConfigurationIsVisible = 0;
			defaultConfigurationName = Release;
		};
		B1A39D3C2B2238E90050A33E /* Build configuration list for PBXNativeTarget "pico.adminTests" */ = {
			isa = XCConfigurationList;
			buildConfigurations = (
				B1A39D3D2B2238E90050A33E /* Debug */,
				B1A39D3E2B2238E90050A33E /* Release */,
			);
			defaultConfigurationIsVisible = 0;
			defaultConfigurationName = Release;
		};
		B1A39D3F2B2238E90050A33E /* Build configuration list for PBXNativeTarget "pico.adminUITests" */ = {
			isa = XCConfigurationList;
			buildConfigurations = (
				B1A39D402B2238E90050A33E /* Debug */,
				B1A39D412B2238E90050A33E /* Release */,
			);
			defaultConfigurationIsVisible = 0;
			defaultConfigurationName = Release;
		};
/* End XCConfigurationList section */
	};
	rootObject = B1A39D072B2238E30050A33E /* Project object */;
}
